// !$*UTF8*$!
{
	archiveVersion = 1;
	classes = {
	};
	objectVersion = 50;
	objects = {

/* Begin PBXBuildFile section */
		451C3A052499E062004CF6D6 /* SF-Mono-Medium.otf in Resources */ = {isa = PBXBuildFile; fileRef = 451C3A042499E062004CF6D6 /* SF-Mono-Medium.otf */; };
		451C3A072499E139004CF6D6 /* SF-Pro-Display-Regular.otf in Resources */ = {isa = PBXBuildFile; fileRef = 451C3A062499E139004CF6D6 /* SF-Pro-Display-Regular.otf */; };
		45D4C0842496054200035BE3 /* AppDelegate.swift in Sources */ = {isa = PBXBuildFile; fileRef = 45D4C0832496054200035BE3 /* AppDelegate.swift */; };
		45D4C0862496054200035BE3 /* SceneDelegate.swift in Sources */ = {isa = PBXBuildFile; fileRef = 45D4C0852496054200035BE3 /* SceneDelegate.swift */; };
		45D4C0882496054200035BE3 /* ContentView.swift in Sources */ = {isa = PBXBuildFile; fileRef = 45D4C0872496054200035BE3 /* ContentView.swift */; };
		45D4C08A2496054400035BE3 /* Assets.xcassets in Resources */ = {isa = PBXBuildFile; fileRef = 45D4C0892496054400035BE3 /* Assets.xcassets */; };
		45D4C08D2496054400035BE3 /* Preview Assets.xcassets in Resources */ = {isa = PBXBuildFile; fileRef = 45D4C08C2496054400035BE3 /* Preview Assets.xcassets */; };
		45D4C0902496054400035BE3 /* LaunchScreen.storyboard in Resources */ = {isa = PBXBuildFile; fileRef = 45D4C08E2496054400035BE3 /* LaunchScreen.storyboard */; };
		45D4C0982496059900035BE3 /* TimerState.swift in Sources */ = {isa = PBXBuildFile; fileRef = 45D4C0972496059900035BE3 /* TimerState.swift */; };
		45D4C09A249606EC00035BE3 /* AltSpeedTimer.swift in Sources */ = {isa = PBXBuildFile; fileRef = 45D4C099249606EC00035BE3 /* AltSpeedTimer.swift */; };
		45D4C09C2496092F00035BE3 /* TimeMSm.swift in Sources */ = {isa = PBXBuildFile; fileRef = 45D4C09B2496092F00035BE3 /* TimeMSm.swift */; };
		45D4C09E2496183E00035BE3 /* SecondsToString.swift in Sources */ = {isa = PBXBuildFile; fileRef = 45D4C09D2496183E00035BE3 /* SecondsToString.swift */; };
		45D4C0A0249630AA00035BE3 /* HiddenViewExtension.swift in Sources */ = {isa = PBXBuildFile; fileRef = 45D4C09F249630AA00035BE3 /* HiddenViewExtension.swift */; };
/* End PBXBuildFile section */

/* Begin PBXFileReference section */
		451C39E12498CB85004CF6D6 /* AltSpeedTimer.entitlements */ = {isa = PBXFileReference; lastKnownFileType = text.plist.entitlements; path = AltSpeedTimer.entitlements; sourceTree = "<group>"; };
		451C3A042499E062004CF6D6 /* SF-Mono-Medium.otf */ = {isa = PBXFileReference; lastKnownFileType = file; path = "SF-Mono-Medium.otf"; sourceTree = "<group>"; };
		451C3A062499E139004CF6D6 /* SF-Pro-Display-Regular.otf */ = {isa = PBXFileReference; lastKnownFileType = file; path = "SF-Pro-Display-Regular.otf"; sourceTree = "<group>"; };
		45D4C0802496054100035BE3 /* AltSpeedTimer.app */ = {isa = PBXFileReference; explicitFileType = wrapper.application; includeInIndex = 0; path = AltSpeedTimer.app; sourceTree = BUILT_PRODUCTS_DIR; };
		45D4C0832496054200035BE3 /* AppDelegate.swift */ = {isa = PBXFileReference; lastKnownFileType = sourcecode.swift; path = AppDelegate.swift; sourceTree = "<group>"; };
		45D4C0852496054200035BE3 /* SceneDelegate.swift */ = {isa = PBXFileReference; lastKnownFileType = sourcecode.swift; path = SceneDelegate.swift; sourceTree = "<group>"; };
		45D4C0872496054200035BE3 /* ContentView.swift */ = {isa = PBXFileReference; lastKnownFileType = sourcecode.swift; path = ContentView.swift; sourceTree = "<group>"; };
		45D4C0892496054400035BE3 /* Assets.xcassets */ = {isa = PBXFileReference; lastKnownFileType = folder.assetcatalog; path = Assets.xcassets; sourceTree = "<group>"; };
		45D4C08C2496054400035BE3 /* Preview Assets.xcassets */ = {isa = PBXFileReference; lastKnownFileType = folder.assetcatalog; path = "Preview Assets.xcassets"; sourceTree = "<group>"; };
		45D4C08F2496054400035BE3 /* Base */ = {isa = PBXFileReference; lastKnownFileType = file.storyboard; name = Base; path = Base.lproj/LaunchScreen.storyboard; sourceTree = "<group>"; };
		45D4C0912496054400035BE3 /* Info.plist */ = {isa = PBXFileReference; lastKnownFileType = text.plist.xml; path = Info.plist; sourceTree = "<group>"; };
		45D4C0972496059900035BE3 /* TimerState.swift */ = {isa = PBXFileReference; lastKnownFileType = sourcecode.swift; path = TimerState.swift; sourceTree = "<group>"; };
		45D4C099249606EC00035BE3 /* AltSpeedTimer.swift */ = {isa = PBXFileReference; lastKnownFileType = sourcecode.swift; path = AltSpeedTimer.swift; sourceTree = "<group>"; };
		45D4C09B2496092F00035BE3 /* TimeMSm.swift */ = {isa = PBXFileReference; lastKnownFileType = sourcecode.swift; path = TimeMSm.swift; sourceTree = "<group>"; };
		45D4C09D2496183E00035BE3 /* SecondsToString.swift */ = {isa = PBXFileReference; lastKnownFileType = sourcecode.swift; path = SecondsToString.swift; sourceTree = "<group>"; };
		45D4C09F249630AA00035BE3 /* HiddenViewExtension.swift */ = {isa = PBXFileReference; lastKnownFileType = sourcecode.swift; path = HiddenViewExtension.swift; sourceTree = "<group>"; };
/* End PBXFileReference section */

/* Begin PBXFrameworksBuildPhase section */
		45D4C07D2496054100035BE3 /* Frameworks */ = {
			isa = PBXFrameworksBuildPhase;
			buildActionMask = 2147483647;
			files = (
			);
			runOnlyForDeploymentPostprocessing = 0;
		};
/* End PBXFrameworksBuildPhase section */

/* Begin PBXGroup section */
		45D4C0772496054100035BE3 = {
			isa = PBXGroup;
			children = (
				45D4C0822496054100035BE3 /* AltSpeedTimer */,
				45D4C0812496054100035BE3 /* Products */,
			);
			sourceTree = "<group>";
		};
		45D4C0812496054100035BE3 /* Products */ = {
			isa = PBXGroup;
			children = (
				45D4C0802496054100035BE3 /* AltSpeedTimer.app */,
			);
			name = Products;
			sourceTree = "<group>";
		};
		45D4C0822496054100035BE3 /* AltSpeedTimer */ = {
			isa = PBXGroup;
			children = (
				451C3A062499E139004CF6D6 /* SF-Pro-Display-Regular.otf */,
				451C3A042499E062004CF6D6 /* SF-Mono-Medium.otf */,
				451C39E12498CB85004CF6D6 /* AltSpeedTimer.entitlements */,
				45D4C09D2496183E00035BE3 /* SecondsToString.swift */,
				45D4C0832496054200035BE3 /* AppDelegate.swift */,
				45D4C0852496054200035BE3 /* SceneDelegate.swift */,
				45D4C0872496054200035BE3 /* ContentView.swift */,
				45D4C0892496054400035BE3 /* Assets.xcassets */,
				45D4C08E2496054400035BE3 /* LaunchScreen.storyboard */,
				45D4C0912496054400035BE3 /* Info.plist */,
				45D4C08B2496054400035BE3 /* Preview Content */,
				45D4C0972496059900035BE3 /* TimerState.swift */,
				45D4C099249606EC00035BE3 /* AltSpeedTimer.swift */,
				45D4C09B2496092F00035BE3 /* TimeMSm.swift */,
				45D4C09F249630AA00035BE3 /* HiddenViewExtension.swift */,
			);
			path = AltSpeedTimer;
			sourceTree = "<group>";
		};
		45D4C08B2496054400035BE3 /* Preview Content */ = {
			isa = PBXGroup;
			children = (
				45D4C08C2496054400035BE3 /* Preview Assets.xcassets */,
			);
			path = "Preview Content";
			sourceTree = "<group>";
		};
/* End PBXGroup section */

/* Begin PBXNativeTarget section */
		45D4C07F2496054100035BE3 /* AltSpeedTimer */ = {
			isa = PBXNativeTarget;
			buildConfigurationList = 45D4C0942496054400035BE3 /* Build configuration list for PBXNativeTarget "AltSpeedTimer" */;
			buildPhases = (
				45D4C07C2496054100035BE3 /* Sources */,
				45D4C07D2496054100035BE3 /* Frameworks */,
				45D4C07E2496054100035BE3 /* Resources */,
			);
			buildRules = (
			);
			dependencies = (
			);
			name = AltSpeedTimer;
			productName = AltSpeedTimer;
			productReference = 45D4C0802496054100035BE3 /* AltSpeedTimer.app */;
			productType = "com.apple.product-type.application";
		};
/* End PBXNativeTarget section */

/* Begin PBXProject section */
		45D4C0782496054100035BE3 /* Project object */ = {
			isa = PBXProject;
			attributes = {
				LastSwiftUpdateCheck = 1150;
				LastUpgradeCheck = 1150;
				ORGANIZATIONNAME = "Peng Shichen";
				TargetAttributes = {
					45D4C07F2496054100035BE3 = {
						CreatedOnToolsVersion = 11.5;
					};
				};
			};
			buildConfigurationList = 45D4C07B2496054100035BE3 /* Build configuration list for PBXProject "AltSpeedTimer" */;
			compatibilityVersion = "Xcode 9.3";
			developmentRegion = en;
			hasScannedForEncodings = 0;
			knownRegions = (
				en,
				Base,
			);
			mainGroup = 45D4C0772496054100035BE3;
			productRefGroup = 45D4C0812496054100035BE3 /* Products */;
			projectDirPath = "";
			projectRoot = "";
			targets = (
				45D4C07F2496054100035BE3 /* AltSpeedTimer */,
			);
		};
/* End PBXProject section */

/* Begin PBXResourcesBuildPhase section */
		45D4C07E2496054100035BE3 /* Resources */ = {
			isa = PBXResourcesBuildPhase;
			buildActionMask = 2147483647;
			files = (
				45D4C0902496054400035BE3 /* LaunchScreen.storyboard in Resources */,
				45D4C08D2496054400035BE3 /* Preview Assets.xcassets in Resources */,
				451C3A052499E062004CF6D6 /* SF-Mono-Medium.otf in Resources */,
				451C3A072499E139004CF6D6 /* SF-Pro-Display-Regular.otf in Resources */,
				45D4C08A2496054400035BE3 /* Assets.xcassets in Resources */,
			);
			runOnlyForDeploymentPostprocessing = 0;
		};
/* End PBXResourcesBuildPhase section */

/* Begin PBXSourcesBuildPhase section */
		45D4C07C2496054100035BE3 /* Sources */ = {
			isa = PBXSourcesBuildPhase;
			buildActionMask = 2147483647;
			files = (
				45D4C0A0249630AA00035BE3 /* HiddenViewExtension.swift in Sources */,
				45D4C09C2496092F00035BE3 /* TimeMSm.swift in Sources */,
				45D4C0842496054200035BE3 /* AppDelegate.swift in Sources */,
				45D4C0982496059900035BE3 /* TimerState.swift in Sources */,
				45D4C09A249606EC00035BE3 /* AltSpeedTimer.swift in Sources */,
				45D4C09E2496183E00035BE3 /* SecondsToString.swift in Sources */,
				45D4C0862496054200035BE3 /* SceneDelegate.swift in Sources */,
				45D4C0882496054200035BE3 /* ContentView.swift in Sources */,
			);
			runOnlyForDeploymentPostprocessing = 0;
		};
/* End PBXSourcesBuildPhase section */

/* Begin PBXVariantGroup section */
		45D4C08E2496054400035BE3 /* LaunchScreen.storyboard */ = {
			isa = PBXVariantGroup;
			children = (
				45D4C08F2496054400035BE3 /* Base */,
			);
			name = LaunchScreen.storyboard;
			sourceTree = "<group>";
		};
/* End PBXVariantGroup section */

/* Begin XCBuildConfiguration section */
		45D4C0922496054400035BE3 /* Debug */ = {
			isa = XCBuildConfiguration;
			buildSettings = {
				ALWAYS_SEARCH_USER_PATHS = NO;
				CLANG_ANALYZER_NONNULL = YES;
				CLANG_ANALYZER_NUMBER_OBJECT_CONVERSION = YES_AGGRESSIVE;
				CLANG_CXX_LANGUAGE_STANDARD = "gnu++14";
				CLANG_CXX_LIBRARY = "libc++";
				CLANG_ENABLE_MODULES = YES;
				CLANG_ENABLE_OBJC_ARC = YES;
				CLANG_ENABLE_OBJC_WEAK = YES;
				CLANG_WARN_BLOCK_CAPTURE_AUTORELEASING = YES;
				CLANG_WARN_BOOL_CONVERSION = YES;
				CLANG_WARN_COMMA = YES;
				CLANG_WARN_CONSTANT_CONVERSION = YES;
				CLANG_WARN_DEPRECATED_OBJC_IMPLEMENTATIONS = YES;
				CLANG_WARN_DIRECT_OBJC_ISA_USAGE = YES_ERROR;
				CLANG_WARN_DOCUMENTATION_COMMENTS = YES;
				CLANG_WARN_EMPTY_BODY = YES;
				CLANG_WARN_ENUM_CONVERSION = YES;
				CLANG_WARN_INFINITE_RECURSION = YES;
				CLANG_WARN_INT_CONVERSION = YES;
				CLANG_WARN_NON_LITERAL_NULL_CONVERSION = YES;
				CLANG_WARN_OBJC_IMPLICIT_RETAIN_SELF = YES;
				CLANG_WARN_OBJC_LITERAL_CONVERSION = YES;
				CLANG_WARN_OBJC_ROOT_CLASS = YES_ERROR;
				CLANG_WARN_RANGE_LOOP_ANALYSIS = YES;
				CLANG_WARN_STRICT_PROTOTYPES = YES;
				CLANG_WARN_SUSPICIOUS_MOVE = YES;
				CLANG_WARN_UNGUARDED_AVAILABILITY = YES_AGGRESSIVE;
				CLANG_WARN_UNREACHABLE_CODE = YES;
				CLANG_WARN__DUPLICATE_METHOD_MATCH = YES;
				COPY_PHASE_STRIP = NO;
				DEBUG_INFORMATION_FORMAT = dwarf;
				ENABLE_STRICT_OBJC_MSGSEND = YES;
				ENABLE_TESTABILITY = YES;
				GCC_C_LANGUAGE_STANDARD = gnu11;
				GCC_DYNAMIC_NO_PIC = NO;
				GCC_NO_COMMON_BLOCKS = YES;
				GCC_OPTIMIZATION_LEVEL = 0;
				GCC_PREPROCESSOR_DEFINITIONS = (
					"DEBUG=1",
					"$(inherited)",
				);
				GCC_WARN_64_TO_32_BIT_CONVERSION = YES;
				GCC_WARN_ABOUT_RETURN_TYPE = YES_ERROR;
				GCC_WARN_UNDECLARED_SELECTOR = YES;
				GCC_WARN_UNINITIALIZED_AUTOS = YES_AGGRESSIVE;
				GCC_WARN_UNUSED_FUNCTION = YES;
				GCC_WARN_UNUSED_VARIABLE = YES;
				IPHONEOS_DEPLOYMENT_TARGET = 13.5;
				MTL_ENABLE_DEBUG_INFO = INCLUDE_SOURCE;
				MTL_FAST_MATH = YES;
				ONLY_ACTIVE_ARCH = YES;
				SDKROOT = iphoneos;
				SWIFT_ACTIVE_COMPILATION_CONDITIONS = DEBUG;
				SWIFT_OPTIMIZATION_LEVEL = "-Onone";
			};
			name = Debug;
		};
		45D4C0932496054400035BE3 /* Release */ = {
			isa = XCBuildConfiguration;
			buildSettings = {
				ALWAYS_SEARCH_USER_PATHS = NO;
				CLANG_ANALYZER_NONNULL = YES;
				CLANG_ANALYZER_NUMBER_OBJECT_CONVERSION = YES_AGGRESSIVE;
				CLANG_CXX_LANGUAGE_STANDARD = "gnu++14";
				CLANG_CXX_LIBRARY = "libc++";
				CLANG_ENABLE_MODULES = YES;
				CLANG_ENABLE_OBJC_ARC = YES;
				CLANG_ENABLE_OBJC_WEAK = YES;
				CLANG_WARN_BLOCK_CAPTURE_AUTORELEASING = YES;
				CLANG_WARN_BOOL_CONVERSION = YES;
				CLANG_WARN_COMMA = YES;
				CLANG_WARN_CONSTANT_CONVERSION = YES;
				CLANG_WARN_DEPRECATED_OBJC_IMPLEMENTATIONS = YES;
				CLANG_WARN_DIRECT_OBJC_ISA_USAGE = YES_ERROR;
				CLANG_WARN_DOCUMENTATION_COMMENTS = YES;
				CLANG_WARN_EMPTY_BODY = YES;
				CLANG_WARN_ENUM_CONVERSION = YES;
				CLANG_WARN_INFINITE_RECURSION = YES;
				CLANG_WARN_INT_CONVERSION = YES;
				CLANG_WARN_NON_LITERAL_NULL_CONVERSION = YES;
				CLANG_WARN_OBJC_IMPLICIT_RETAIN_SELF = YES;
				CLANG_WARN_OBJC_LITERAL_CONVERSION = YES;
				CLANG_WARN_OBJC_ROOT_CLASS = YES_ERROR;
				CLANG_WARN_RANGE_LOOP_ANALYSIS = YES;
				CLANG_WARN_STRICT_PROTOTYPES = YES;
				CLANG_WARN_SUSPICIOUS_MOVE = YES;
				CLANG_WARN_UNGUARDED_AVAILABILITY = YES_AGGRESSIVE;
				CLANG_WARN_UNREACHABLE_CODE = YES;
				CLANG_WARN__DUPLICATE_METHOD_MATCH = YES;
				COPY_PHASE_STRIP = NO;
				DEBUG_INFORMATION_FORMAT = "dwarf-with-dsym";
				ENABLE_NS_ASSERTIONS = NO;
				ENABLE_STRICT_OBJC_MSGSEND = YES;
				GCC_C_LANGUAGE_STANDARD = gnu11;
				GCC_NO_COMMON_BLOCKS = YES;
				GCC_WARN_64_TO_32_BIT_CONVERSION = YES;
				GCC_WARN_ABOUT_RETURN_TYPE = YES_ERROR;
				GCC_WARN_UNDECLARED_SELECTOR = YES;
				GCC_WARN_UNINITIALIZED_AUTOS = YES_AGGRESSIVE;
				GCC_WARN_UNUSED_FUNCTION = YES;
				GCC_WARN_UNUSED_VARIABLE = YES;
				IPHONEOS_DEPLOYMENT_TARGET = 13.5;
				MTL_ENABLE_DEBUG_INFO = NO;
				MTL_FAST_MATH = YES;
				SDKROOT = iphoneos;
				SWIFT_COMPILATION_MODE = wholemodule;
				SWIFT_OPTIMIZATION_LEVEL = "-O";
				VALIDATE_PRODUCT = YES;
			};
			name = Release;
		};
		45D4C0952496054400035BE3 /* Debug */ = {
			isa = XCBuildConfiguration;
			buildSettings = {
				ASSETCATALOG_COMPILER_APPICON_NAME = AppIcon;
				CODE_SIGN_ENTITLEMENTS = AltSpeedTimer/AltSpeedTimer.entitlements;
				CODE_SIGN_STYLE = Automatic;
				DEVELOPMENT_ASSET_PATHS = "\"AltSpeedTimer/Preview Content\"";
				DEVELOPMENT_TEAM = CGV4FNR7SA;
				ENABLE_PREVIEWS = YES;
				INFOPLIST_FILE = AltSpeedTimer/Info.plist;
				LD_RUNPATH_SEARCH_PATHS = (
					"$(inherited)",
					"@executable_path/Frameworks",
				);
				PRODUCT_BUNDLE_IDENTIFIER = com.psc.AltSpeedTimer;
				PRODUCT_NAME = "$(TARGET_NAME)";
				SUPPORTS_MACCATALYST = NO;
				SWIFT_VERSION = 5.0;
				TARGETED_DEVICE_FAMILY = "1,2";
			};
			name = Debug;
		};
		45D4C0962496054400035BE3 /* Release */ = {
			isa = XCBuildConfiguration;
			buildSettings = {
				ASSETCATALOG_COMPILER_APPICON_NAME = AppIcon;
				CODE_SIGN_ENTITLEMENTS = AltSpeedTimer/AltSpeedTimer.entitlements;
				CODE_SIGN_STYLE = Automatic;
				DEVELOPMENT_ASSET_PATHS = "\"AltSpeedTimer/Preview Content\"";
				DEVELOPMENT_TEAM = CGV4FNR7SA;
				ENABLE_PREVIEWS = YES;
				INFOPLIST_FILE = AltSpeedTimer/Info.plist;
				LD_RUNPATH_SEARCH_PATHS = (
					"$(inherited)",
					"@executable_path/Frameworks",
				);
				PRODUCT_BUNDLE_IDENTIFIER = com.psc.AltSpeedTimer;
				PRODUCT_NAME = "$(TARGET_NAME)";
				SUPPORTS_MACCATALYST = NO;
				SWIFT_VERSION = 5.0;
				TARGETED_DEVICE_FAMILY = "1,2";
			};
			name = Release;
		};
/* End XCBuildConfiguration section */

/* Begin XCConfigurationList section */
		45D4C07B2496054100035BE3 /* Build configuration list for PBXProject "AltSpeedTimer" */ = {
			isa = XCConfigurationList;
			buildConfigurations = (
				45D4C0922496054400035BE3 /* Debug */,
				45D4C0932496054400035BE3 /* Release */,
			);
			defaultConfigurationIsVisible = 0;
			defaultConfigurationName = Release;
		};
		45D4C0942496054400035BE3 /* Build configuration list for PBXNativeTarget "AltSpeedTimer" */ = {
			isa = XCConfigurationList;
			buildConfigurations = (
				45D4C0952496054400035BE3 /* Debug */,
				45D4C0962496054400035BE3 /* Release */,
			);
			defaultConfigurationIsVisible = 0;
			defaultConfigurationName = Release;
		};
/* End XCConfigurationList section */
	};
	rootObject = 45D4C0782496054100035BE3 /* Project object */;
}
